
Microsoft Visual Studio Solution File, Format Version 12.00
# Visual Studio Version 16
VisualStudioVersion = 16.0.31515.178
MinimumVisualStudioVersion = 10.0.40219.1
Project("{FAE04EC0-301F-11D3-BF4B-00C04F79EFBC}") = "Ecommerce_B2C_dotnet_FrontEnd", "Ecommerce_B2C_dotnet_FrontEnd\Ecommerce_B2C_dotnet_FrontEnd.csproj", "{15E14788-90E5-4783-A235-AF976FEDAD96}"
EndProject
Global
	GlobalSection(SolutionConfigurationPlatforms) = preSolution
		Debug|Any CPU = Debug|Any CPU
		Release|Any CPU = Release|Any CPU
	EndGlobalSection
	GlobalSection(ProjectConfigurationPlatforms) = postSolution
		{15E14788-90E5-4783-A235-AF976FEDAD96}.Debug|Any CPU.ActiveCfg = Debug|Any CPU
		{15E14788-90E5-4783-A235-AF976FEDAD96}.Debug|Any CPU.Build.0 = Debug|Any CPU
		{15E14788-90E5-4783-A235-AF976FEDAD96}.Release|Any CPU.ActiveCfg = Release|Any CPU
		{15E14788-90E5-4783-A235-AF976FEDAD96}.Release|Any CPU.Build.0 = Release|Any CPU
	EndGlobalSection
	GlobalSection(SolutionProperties) = preSolution
		HideSolutionNode = FALSE
	EndGlobalSection
	GlobalSection(ExtensibilityGlobals) = postSolution
		SolutionGuid = {7C40A299-FAA9-47DE-8B43-426C4B73DBAB}
	EndGlobalSection
EndGlobal
